
Microsoft Visual Studio Solution File, Format Version 12.00
# Visual Studio Version 17
VisualStudioVersion = 17.0.31903.59
MinimumVisualStudioVersion = 10.0.40219.1
Project("{9A19103F-16F7-4668-BE54-9A1E7A4F7556}") = "POC_SignalR", "POC_SignalR\POC_SignalR.csproj", "{F8DF81E3-A991-441D-BFAE-B149981CEC7E}"
EndProject
Project("{FAE04EC0-301F-11D3-BF4B-00C04F79EFBC}") = "WebAppSignalR", "WebAppSignalR\WebAppSignalR.csproj", "{EAC33857-0A87-48C1-91D3-BB6B95B2205E}"
EndProject
Global
	GlobalSection(SolutionConfigurationPlatforms) = preSolution
		Debug|Any CPU = Debug|Any CPU
		Release|Any CPU = Release|Any CPU
	EndGlobalSection
	GlobalSection(ProjectConfigurationPlatforms) = postSolution
		{F8DF81E3-A991-441D-BFAE-B149981CEC7E}.Debug|Any CPU.ActiveCfg = Debug|Any CPU
		{F8DF81E3-A991-441D-BFAE-B149981CEC7E}.Debug|Any CPU.Build.0 = Debug|Any CPU
		{F8DF81E3-A991-441D-BFAE-B149981CEC7E}.Release|Any CPU.ActiveCfg = Release|Any CPU
		{F8DF81E3-A991-441D-BFAE-B149981CEC7E}.Release|Any CPU.Build.0 = Release|Any CPU
		{EAC33857-0A87-48C1-91D3-BB6B95B2205E}.Debug|Any CPU.ActiveCfg = Debug|Any CPU
		{EAC33857-0A87-48C1-91D3-BB6B95B2205E}.Debug|Any CPU.Build.0 = Debug|Any CPU
		{EAC33857-0A87-48C1-91D3-BB6B95B2205E}.Release|Any CPU.ActiveCfg = Release|Any CPU
		{EAC33857-0A87-48C1-91D3-BB6B95B2205E}.Release|Any CPU.Build.0 = Release|Any CPU
	EndGlobalSection
	GlobalSection(SolutionProperties) = preSolution
		HideSolutionNode = FALSE
	EndGlobalSection
	GlobalSection(ExtensibilityGlobals) = postSolution
		SolutionGuid = {16F7B5D2-A956-498C-AC02-C0178268D3EA}
	EndGlobalSection
EndGlobal
